// !$*UTF8*$!
{
	archiveVersion = 1;
	classes = {
	};
	objectVersion = 51;
	objects = {

/* Begin PBXBuildFile section */
		867EFF723FFE95B1EE1E8959 /* Pods_MTTNScraper.framework in Frameworks */ = {isa = PBXBuildFile; fileRef = 117A52BF568F21C83BE34000 /* Pods_MTTNScraper.framework */; };
		8D035F3624D5309C00E44339 /* scrape.py in Resources */ = {isa = PBXBuildFile; fileRef = 8D035F3524D5309B00E44339 /* scrape.py */; };
		8D035F3824D5476900E44339 /* TestZombieViewController.swift in Sources */ = {isa = PBXBuildFile; fileRef = 8D035F3724D5476900E44339 /* TestZombieViewController.swift */; };
		8D4939CD24D68CC60045F31E /* TableTableViewController.swift in Sources */ = {isa = PBXBuildFile; fileRef = 8D4939CC24D68CC60045F31E /* TableTableViewController.swift */; };
		8D670ED724D4702300802ED2 /* AppDelegate.swift in Sources */ = {isa = PBXBuildFile; fileRef = 8D670ED624D4702300802ED2 /* AppDelegate.swift */; };
		8D670ED924D4702300802ED2 /* SceneDelegate.swift in Sources */ = {isa = PBXBuildFile; fileRef = 8D670ED824D4702300802ED2 /* SceneDelegate.swift */; };
		8D670EDB24D4702300802ED2 /* ViewController.swift in Sources */ = {isa = PBXBuildFile; fileRef = 8D670EDA24D4702300802ED2 /* ViewController.swift */; };
		8D670EDE24D4702300802ED2 /* Main.storyboard in Resources */ = {isa = PBXBuildFile; fileRef = 8D670EDC24D4702300802ED2 /* Main.storyboard */; };
		8D670EE124D4702300802ED2 /* MTTNScraper.xcdatamodeld in Sources */ = {isa = PBXBuildFile; fileRef = 8D670EDF24D4702300802ED2 /* MTTNScraper.xcdatamodeld */; };
		8D670EE324D4702600802ED2 /* Assets.xcassets in Resources */ = {isa = PBXBuildFile; fileRef = 8D670EE224D4702600802ED2 /* Assets.xcassets */; };
		8D670EE624D4702600802ED2 /* LaunchScreen.storyboard in Resources */ = {isa = PBXBuildFile; fileRef = 8D670EE424D4702600802ED2 /* LaunchScreen.storyboard */; };
		8D670EEE24D4832D00802ED2 /* WebsiteResponse.swift in Sources */ = {isa = PBXBuildFile; fileRef = 8D670EED24D4832D00802ED2 /* WebsiteResponse.swift */; };
/* End PBXBuildFile section */

/* Begin PBXFileReference section */
		117A52BF568F21C83BE34000 /* Pods_MTTNScraper.framework */ = {isa = PBXFileReference; explicitFileType = wrapper.framework; includeInIndex = 0; path = Pods_MTTNScraper.framework; sourceTree = BUILT_PRODUCTS_DIR; };
		3F88AA4B85A6401A1CD1FF52 /* Pods-MTTNScraper.debug.xcconfig */ = {isa = PBXFileReference; includeInIndex = 1; lastKnownFileType = text.xcconfig; name = "Pods-MTTNScraper.debug.xcconfig"; path = "Target Support Files/Pods-MTTNScraper/Pods-MTTNScraper.debug.xcconfig"; sourceTree = "<group>"; };
		88D87BDE13C46692CA23C046 /* Pods-MTTNScraper.release.xcconfig */ = {isa = PBXFileReference; includeInIndex = 1; lastKnownFileType = text.xcconfig; name = "Pods-MTTNScraper.release.xcconfig"; path = "Target Support Files/Pods-MTTNScraper/Pods-MTTNScraper.release.xcconfig"; sourceTree = "<group>"; };
		8D035F3524D5309B00E44339 /* scrape.py */ = {isa = PBXFileReference; fileEncoding = 4; lastKnownFileType = text.script.python; path = scrape.py; sourceTree = "<group>"; };
		8D035F3724D5476900E44339 /* TestZombieViewController.swift */ = {isa = PBXFileReference; lastKnownFileType = sourcecode.swift; path = TestZombieViewController.swift; sourceTree = "<group>"; };
		8D4939CC24D68CC60045F31E /* TableTableViewController.swift */ = {isa = PBXFileReference; lastKnownFileType = sourcecode.swift; path = TableTableViewController.swift; sourceTree = "<group>"; };
		8D670ED324D4702300802ED2 /* MTTNScraper.app */ = {isa = PBXFileReference; explicitFileType = wrapper.application; includeInIndex = 0; path = MTTNScraper.app; sourceTree = BUILT_PRODUCTS_DIR; };
		8D670ED624D4702300802ED2 /* AppDelegate.swift */ = {isa = PBXFileReference; lastKnownFileType = sourcecode.swift; path = AppDelegate.swift; sourceTree = "<group>"; };
		8D670ED824D4702300802ED2 /* SceneDelegate.swift */ = {isa = PBXFileReference; lastKnownFileType = sourcecode.swift; path = SceneDelegate.swift; sourceTree = "<group>"; };
		8D670EDA24D4702300802ED2 /* ViewController.swift */ = {isa = PBXFileReference; lastKnownFileType = sourcecode.swift; path = ViewController.swift; sourceTree = "<group>"; };
		8D670EDD24D4702300802ED2 /* Base */ = {isa = PBXFileReference; lastKnownFileType = file.storyboard; name = Base; path = Base.lproj/Main.storyboard; sourceTree = "<group>"; };
		8D670EE024D4702300802ED2 /* MTTNScraper.xcdatamodel */ = {isa = PBXFileReference; lastKnownFileType = wrapper.xcdatamodel; path = MTTNScraper.xcdatamodel; sourceTree = "<group>"; };
		8D670EE224D4702600802ED2 /* Assets.xcassets */ = {isa = PBXFileReference; lastKnownFileType = folder.assetcatalog; path = Assets.xcassets; sourceTree = "<group>"; };
		8D670EE524D4702600802ED2 /* Base */ = {isa = PBXFileReference; lastKnownFileType = file.storyboard; name = Base; path = Base.lproj/LaunchScreen.storyboard; sourceTree = "<group>"; };
		8D670EE724D4702600802ED2 /* Info.plist */ = {isa = PBXFileReference; lastKnownFileType = text.plist.xml; path = Info.plist; sourceTree = "<group>"; };
		8D670EED24D4832D00802ED2 /* WebsiteResponse.swift */ = {isa = PBXFileReference; lastKnownFileType = sourcecode.swift; path = WebsiteResponse.swift; sourceTree = "<group>"; };
/* End PBXFileReference section */

/* Begin PBXFrameworksBuildPhase section */
		8D670ED024D4702300802ED2 /* Frameworks */ = {
			isa = PBXFrameworksBuildPhase;
			buildActionMask = 2147483647;
			files = (
				867EFF723FFE95B1EE1E8959 /* Pods_MTTNScraper.framework in Frameworks */,
			);
			runOnlyForDeploymentPostprocessing = 0;
		};
/* End PBXFrameworksBuildPhase section */

/* Begin PBXGroup section */
		8D670ECA24D4702300802ED2 = {
			isa = PBXGroup;
			children = (
				8D670ED524D4702300802ED2 /* MTTNScraper */,
				8D670ED424D4702300802ED2 /* Products */,
				9179C575478C91E95D8DDB7E /* Pods */,
				C4BD6DBD09583FB6A49667A2 /* Frameworks */,
			);
			sourceTree = "<group>";
		};
		8D670ED424D4702300802ED2 /* Products */ = {
			isa = PBXGroup;
			children = (
				8D670ED324D4702300802ED2 /* MTTNScraper.app */,
			);
			name = Products;
			sourceTree = "<group>";
		};
		8D670ED524D4702300802ED2 /* MTTNScraper */ = {
			isa = PBXGroup;
			children = (
				8D670ED624D4702300802ED2 /* AppDelegate.swift */,
				8D670ED824D4702300802ED2 /* SceneDelegate.swift */,
				8D670EDA24D4702300802ED2 /* ViewController.swift */,
				8D035F3724D5476900E44339 /* TestZombieViewController.swift */,
				8D4939CC24D68CC60045F31E /* TableTableViewController.swift */,
				8D670EED24D4832D00802ED2 /* WebsiteResponse.swift */,
				8D670EDC24D4702300802ED2 /* Main.storyboard */,
				8D670EE224D4702600802ED2 /* Assets.xcassets */,
				8D035F3524D5309B00E44339 /* scrape.py */,
				8D670EE424D4702600802ED2 /* LaunchScreen.storyboard */,
				8D670EE724D4702600802ED2 /* Info.plist */,
				8D670EDF24D4702300802ED2 /* MTTNScraper.xcdatamodeld */,
			);
			path = MTTNScraper;
			sourceTree = "<group>";
		};
		9179C575478C91E95D8DDB7E /* Pods */ = {
			isa = PBXGroup;
			children = (
				3F88AA4B85A6401A1CD1FF52 /* Pods-MTTNScraper.debug.xcconfig */,
				88D87BDE13C46692CA23C046 /* Pods-MTTNScraper.release.xcconfig */,
			);
			path = Pods;
			sourceTree = "<group>";
		};
		C4BD6DBD09583FB6A49667A2 /* Frameworks */ = {
			isa = PBXGroup;
			children = (
				117A52BF568F21C83BE34000 /* Pods_MTTNScraper.framework */,
			);
			name = Frameworks;
			sourceTree = "<group>";
		};
/* End PBXGroup section */

/* Begin PBXNativeTarget section */
		8D670ED224D4702300802ED2 /* MTTNScraper */ = {
			isa = PBXNativeTarget;
			buildConfigurationList = 8D670EEA24D4702600802ED2 /* Build configuration list for PBXNativeTarget "MTTNScraper" */;
			buildPhases = (
				768D3B51C3E6411C071E8E82 /* [CP] Check Pods Manifest.lock */,
				8D670ECF24D4702300802ED2 /* Sources */,
				8D670ED024D4702300802ED2 /* Frameworks */,
				8D670ED124D4702300802ED2 /* Resources */,
				A840E906D3D73A0B89C69821 /* [CP] Embed Pods Frameworks */,
			);
			buildRules = (
			);
			dependencies = (
			);
			name = MTTNScraper;
			productName = MTTNScraper;
			productReference = 8D670ED324D4702300802ED2 /* MTTNScraper.app */;
			productType = "com.apple.product-type.application";
		};
/* End PBXNativeTarget section */

/* Begin PBXProject section */
		8D670ECB24D4702300802ED2 /* Project object */ = {
			isa = PBXProject;
			attributes = {
				LastSwiftUpdateCheck = 1140;
				LastUpgradeCheck = 1140;
				ORGANIZATIONNAME = "Tushar Elangovan";
				TargetAttributes = {
					8D670ED224D4702300802ED2 = {
						CreatedOnToolsVersion = 11.4;
					};
				};
			};
			buildConfigurationList = 8D670ECE24D4702300802ED2 /* Build configuration list for PBXProject "MTTNScraper" */;
			compatibilityVersion = "Xcode 9.3";
			developmentRegion = en;
			hasScannedForEncodings = 0;
			knownRegions = (
				en,
				Base,
			);
			mainGroup = 8D670ECA24D4702300802ED2;
			productRefGroup = 8D670ED424D4702300802ED2 /* Products */;
			projectDirPath = "";
			projectRoot = "";
			targets = (
				8D670ED224D4702300802ED2 /* MTTNScraper */,
			);
		};
/* End PBXProject section */

/* Begin PBXResourcesBuildPhase section */
		8D670ED124D4702300802ED2 /* Resources */ = {
			isa = PBXResourcesBuildPhase;
			buildActionMask = 2147483647;
			files = (
				8D670EE624D4702600802ED2 /* LaunchScreen.storyboard in Resources */,
				8D670EE324D4702600802ED2 /* Assets.xcassets in Resources */,
				8D035F3624D5309C00E44339 /* scrape.py in Resources */,
				8D670EDE24D4702300802ED2 /* Main.storyboard in Resources */,
			);
			runOnlyForDeploymentPostprocessing = 0;
		};
/* End PBXResourcesBuildPhase section */

/* Begin PBXShellScriptBuildPhase section */
		768D3B51C3E6411C071E8E82 /* [CP] Check Pods Manifest.lock */ = {
			isa = PBXShellScriptBuildPhase;
			buildActionMask = 2147483647;
			files = (
			);
			inputFileListPaths = (
			);
			inputPaths = (
				"${PODS_PODFILE_DIR_PATH}/Podfile.lock",
				"${PODS_ROOT}/Manifest.lock",
			);
			name = "[CP] Check Pods Manifest.lock";
			outputFileListPaths = (
			);
			outputPaths = (
				"$(DERIVED_FILE_DIR)/Pods-MTTNScraper-checkManifestLockResult.txt",
			);
			runOnlyForDeploymentPostprocessing = 0;
			shellPath = /bin/sh;
			shellScript = "diff \"${PODS_PODFILE_DIR_PATH}/Podfile.lock\" \"${PODS_ROOT}/Manifest.lock\" > /dev/null\nif [ $? != 0 ] ; then\n    # print error to STDERR\n    echo \"error: The sandbox is not in sync with the Podfile.lock. Run 'pod install' or update your CocoaPods installation.\" >&2\n    exit 1\nfi\n# This output is used by Xcode 'outputs' to avoid re-running this script phase.\necho \"SUCCESS\" > \"${SCRIPT_OUTPUT_FILE_0}\"\n";
			showEnvVarsInLog = 0;
		};
		A840E906D3D73A0B89C69821 /* [CP] Embed Pods Frameworks */ = {
			isa = PBXShellScriptBuildPhase;
			buildActionMask = 2147483647;
			files = (
			);
			inputFileListPaths = (
				"${PODS_ROOT}/Target Support Files/Pods-MTTNScraper/Pods-MTTNScraper-frameworks-${CONFIGURATION}-input-files.xcfilelist",
			);
			name = "[CP] Embed Pods Frameworks";
			outputFileListPaths = (
				"${PODS_ROOT}/Target Support Files/Pods-MTTNScraper/Pods-MTTNScraper-frameworks-${CONFIGURATION}-output-files.xcfilelist",
			);
			runOnlyForDeploymentPostprocessing = 0;
			shellPath = /bin/sh;
			shellScript = "\"${PODS_ROOT}/Target Support Files/Pods-MTTNScraper/Pods-MTTNScraper-frameworks.sh\"\n";
			showEnvVarsInLog = 0;
		};
/* End PBXShellScriptBuildPhase section */

/* Begin PBXSourcesBuildPhase section */
		8D670ECF24D4702300802ED2 /* Sources */ = {
			isa = PBXSourcesBuildPhase;
			buildActionMask = 2147483647;
			files = (
				8D670EEE24D4832D00802ED2 /* WebsiteResponse.swift in Sources */,
				8D670EDB24D4702300802ED2 /* ViewController.swift in Sources */,
				8D670ED724D4702300802ED2 /* AppDelegate.swift in Sources */,
				8D670ED924D4702300802ED2 /* SceneDelegate.swift in Sources */,
				8D4939CD24D68CC60045F31E /* TableTableViewController.swift in Sources */,
				8D035F3824D5476900E44339 /* TestZombieViewController.swift in Sources */,
				8D670EE124D4702300802ED2 /* MTTNScraper.xcdatamodeld in Sources */,
			);
			runOnlyForDeploymentPostprocessing = 0;
		};
/* End PBXSourcesBuildPhase section */

/* Begin PBXVariantGroup section */
		8D670EDC24D4702300802ED2 /* Main.storyboard */ = {
			isa = PBXVariantGroup;
			children = (
				8D670EDD24D4702300802ED2 /* Base */,
			);
			name = Main.storyboard;
			sourceTree = "<group>";
		};
		8D670EE424D4702600802ED2 /* LaunchScreen.storyboard */ = {
			isa = PBXVariantGroup;
			children = (
				8D670EE524D4702600802ED2 /* Base */,
			);
			name = LaunchScreen.storyboard;
			sourceTree = "<group>";
		};
/* End PBXVariantGroup section */

/* Begin XCBuildConfiguration section */
		8D670EE824D4702600802ED2 /* Debug */ = {
			isa = XCBuildConfiguration;
			buildSettings = {
				ALWAYS_SEARCH_USER_PATHS = NO;
				CLANG_ANALYZER_NONNULL = YES;
				CLANG_ANALYZER_NUMBER_OBJECT_CONVERSION = YES_AGGRESSIVE;
				CLANG_CXX_LANGUAGE_STANDARD = "gnu++14";
				CLANG_CXX_LIBRARY = "libc++";
				CLANG_ENABLE_MODULES = YES;
				CLANG_ENABLE_OBJC_ARC = YES;
				CLANG_ENABLE_OBJC_WEAK = YES;
				CLANG_WARN_BLOCK_CAPTURE_AUTORELEASING = YES;
				CLANG_WARN_BOOL_CONVERSION = YES;
				CLANG_WARN_COMMA = YES;
				CLANG_WARN_CONSTANT_CONVERSION = YES;
				CLANG_WARN_DEPRECATED_OBJC_IMPLEMENTATIONS = YES;
				CLANG_WARN_DIRECT_OBJC_ISA_USAGE = YES_ERROR;
				CLANG_WARN_DOCUMENTATION_COMMENTS = YES;
				CLANG_WARN_EMPTY_BODY = YES;
				CLANG_WARN_ENUM_CONVERSION = YES;
				CLANG_WARN_INFINITE_RECURSION = YES;
				CLANG_WARN_INT_CONVERSION = YES;
				CLANG_WARN_NON_LITERAL_NULL_CONVERSION = YES;
				CLANG_WARN_OBJC_IMPLICIT_RETAIN_SELF = YES;
				CLANG_WARN_OBJC_LITERAL_CONVERSION = YES;
				CLANG_WARN_OBJC_ROOT_CLASS = YES_ERROR;
				CLANG_WARN_RANGE_LOOP_ANALYSIS = YES;
				CLANG_WARN_STRICT_PROTOTYPES = YES;
				CLANG_WARN_SUSPICIOUS_MOVE = YES;
				CLANG_WARN_UNGUARDED_AVAILABILITY = YES_AGGRESSIVE;
				CLANG_WARN_UNREACHABLE_CODE = YES;
				CLANG_WARN__DUPLICATE_METHOD_MATCH = YES;
				COPY_PHASE_STRIP = NO;
				DEBUG_INFORMATION_FORMAT = dwarf;
				ENABLE_STRICT_OBJC_MSGSEND = YES;
				ENABLE_TESTABILITY = YES;
				GCC_C_LANGUAGE_STANDARD = gnu11;
				GCC_DYNAMIC_NO_PIC = NO;
				GCC_NO_COMMON_BLOCKS = YES;
				GCC_OPTIMIZATION_LEVEL = 0;
				GCC_PREPROCESSOR_DEFINITIONS = (
					"DEBUG=1",
					"$(inherited)",
				);
				GCC_WARN_64_TO_32_BIT_CONVERSION = YES;
				GCC_WARN_ABOUT_RETURN_TYPE = YES_ERROR;
				GCC_WARN_UNDECLARED_SELECTOR = YES;
				GCC_WARN_UNINITIALIZED_AUTOS = YES_AGGRESSIVE;
				GCC_WARN_UNUSED_FUNCTION = YES;
				GCC_WARN_UNUSED_VARIABLE = YES;
				IPHONEOS_DEPLOYMENT_TARGET = 13.4;
				MTL_ENABLE_DEBUG_INFO = INCLUDE_SOURCE;
				MTL_FAST_MATH = YES;
				ONLY_ACTIVE_ARCH = YES;
				SDKROOT = iphoneos;
				SWIFT_ACTIVE_COMPILATION_CONDITIONS = DEBUG;
				SWIFT_OPTIMIZATION_LEVEL = "-Onone";
			};
			name = Debug;
		};
		8D670EE924D4702600802ED2 /* Release */ = {
			isa = XCBuildConfiguration;
			buildSettings = {
				ALWAYS_SEARCH_USER_PATHS = NO;
				CLANG_ANALYZER_NONNULL = YES;
				CLANG_ANALYZER_NUMBER_OBJECT_CONVERSION = YES_AGGRESSIVE;
				CLANG_CXX_LANGUAGE_STANDARD = "gnu++14";
				CLANG_CXX_LIBRARY = "libc++";
				CLANG_ENABLE_MODULES = YES;
				CLANG_ENABLE_OBJC_ARC = YES;
				CLANG_ENABLE_OBJC_WEAK = YES;
				CLANG_WARN_BLOCK_CAPTURE_AUTORELEASING = YES;
				CLANG_WARN_BOOL_CONVERSION = YES;
				CLANG_WARN_COMMA = YES;
				CLANG_WARN_CONSTANT_CONVERSION = YES;
				CLANG_WARN_DEPRECATED_OBJC_IMPLEMENTATIONS = YES;
				CLANG_WARN_DIRECT_OBJC_ISA_USAGE = YES_ERROR;
				CLANG_WARN_DOCUMENTATION_COMMENTS = YES;
				CLANG_WARN_EMPTY_BODY = YES;
				CLANG_WARN_ENUM_CONVERSION = YES;
				CLANG_WARN_INFINITE_RECURSION = YES;
				CLANG_WARN_INT_CONVERSION = YES;
				CLANG_WARN_NON_LITERAL_NULL_CONVERSION = YES;
				CLANG_WARN_OBJC_IMPLICIT_RETAIN_SELF = YES;
				CLANG_WARN_OBJC_LITERAL_CONVERSION = YES;
				CLANG_WARN_OBJC_ROOT_CLASS = YES_ERROR;
				CLANG_WARN_RANGE_LOOP_ANALYSIS = YES;
				CLANG_WARN_STRICT_PROTOTYPES = YES;
				CLANG_WARN_SUSPICIOUS_MOVE = YES;
				CLANG_WARN_UNGUARDED_AVAILABILITY = YES_AGGRESSIVE;
				CLANG_WARN_UNREACHABLE_CODE = YES;
				CLANG_WARN__DUPLICATE_METHOD_MATCH = YES;
				COPY_PHASE_STRIP = NO;
				DEBUG_INFORMATION_FORMAT = "dwarf-with-dsym";
				ENABLE_NS_ASSERTIONS = NO;
				ENABLE_STRICT_OBJC_MSGSEND = YES;
				GCC_C_LANGUAGE_STANDARD = gnu11;
				GCC_NO_COMMON_BLOCKS = YES;
				GCC_WARN_64_TO_32_BIT_CONVERSION = YES;
				GCC_WARN_ABOUT_RETURN_TYPE = YES_ERROR;
				GCC_WARN_UNDECLARED_SELECTOR = YES;
				GCC_WARN_UNINITIALIZED_AUTOS = YES_AGGRESSIVE;
				GCC_WARN_UNUSED_FUNCTION = YES;
				GCC_WARN_UNUSED_VARIABLE = YES;
				IPHONEOS_DEPLOYMENT_TARGET = 13.4;
				MTL_ENABLE_DEBUG_INFO = NO;
				MTL_FAST_MATH = YES;
				SDKROOT = iphoneos;
				SWIFT_COMPILATION_MODE = wholemodule;
				SWIFT_OPTIMIZATION_LEVEL = "-O";
				VALIDATE_PRODUCT = YES;
			};
			name = Release;
		};
		8D670EEB24D4702600802ED2 /* Debug */ = {
			isa = XCBuildConfiguration;
			baseConfigurationReference = 3F88AA4B85A6401A1CD1FF52 /* Pods-MTTNScraper.debug.xcconfig */;
			buildSettings = {
				ASSETCATALOG_COMPILER_APPICON_NAME = AppIcon;
				CODE_SIGN_STYLE = Automatic;
				DEVELOPMENT_TEAM = G879XHMX6G;
				INFOPLIST_FILE = MTTNScraper/Info.plist;
				LD_RUNPATH_SEARCH_PATHS = (
					"$(inherited)",
					"@executable_path/Frameworks",
				);
				PRODUCT_BUNDLE_IDENTIFIER = tushar.firstapp.MTTNScraper;
				PRODUCT_NAME = "$(TARGET_NAME)";
				SWIFT_VERSION = 5.0;
				TARGETED_DEVICE_FAMILY = "1,2";
			};
			name = Debug;
		};
		8D670EEC24D4702600802ED2 /* Release */ = {
			isa = XCBuildConfiguration;
			baseConfigurationReference = 88D87BDE13C46692CA23C046 /* Pods-MTTNScraper.release.xcconfig */;
			buildSettings = {
				ASSETCATALOG_COMPILER_APPICON_NAME = AppIcon;
				CODE_SIGN_STYLE = Automatic;
				DEVELOPMENT_TEAM = G879XHMX6G;
				INFOPLIST_FILE = MTTNScraper/Info.plist;
				LD_RUNPATH_SEARCH_PATHS = (
					"$(inherited)",
					"@executable_path/Frameworks",
				);
				PRODUCT_BUNDLE_IDENTIFIER = tushar.firstapp.MTTNScraper;
				PRODUCT_NAME = "$(TARGET_NAME)";
				SWIFT_VERSION = 5.0;
				TARGETED_DEVICE_FAMILY = "1,2";
			};
			name = Release;
		};
/* End XCBuildConfiguration section */

/* Begin XCConfigurationList section */
		8D670ECE24D4702300802ED2 /* Build configuration list for PBXProject "MTTNScraper" */ = {
			isa = XCConfigurationList;
			buildConfigurations = (
				8D670EE824D4702600802ED2 /* Debug */,
				8D670EE924D4702600802ED2 /* Release */,
			);
			defaultConfigurationIsVisible = 0;
			defaultConfigurationName = Release;
		};
		8D670EEA24D4702600802ED2 /* Build configuration list for PBXNativeTarget "MTTNScraper" */ = {
			isa = XCConfigurationList;
			buildConfigurations = (
				8D670EEB24D4702600802ED2 /* Debug */,
				8D670EEC24D4702600802ED2 /* Release */,
			);
			defaultConfigurationIsVisible = 0;
			defaultConfigurationName = Release;
		};
/* End XCConfigurationList section */

/* Begin XCVersionGroup section */
		8D670EDF24D4702300802ED2 /* MTTNScraper.xcdatamodeld */ = {
			isa = XCVersionGroup;
			children = (
				8D670EE024D4702300802ED2 /* MTTNScraper.xcdatamodel */,
			);
			currentVersion = 8D670EE024D4702300802ED2 /* MTTNScraper.xcdatamodel */;
			path = MTTNScraper.xcdatamodeld;
			sourceTree = "<group>";
			versionGroupType = wrapper.xcdatamodel;
		};
/* End XCVersionGroup section */
	};
	rootObject = 8D670ECB24D4702300802ED2 /* Project object */;
}
